
Microsoft Visual Studio Solution File, Format Version 12.00
# Visual Studio Version 16
VisualStudioVersion = 16.0.31515.178
MinimumVisualStudioVersion = 10.0.40219.1
Project("{2150E333-8FDC-42A3-9474-1A3956D46DE8}") = "Core", "Core", "{AB01125D-EA97-47FC-BA00-F0889C5E9071}"
EndProject
Project("{2150E333-8FDC-42A3-9474-1A3956D46DE8}") = "Infrastructure", "Infrastructure", "{7159D8D8-5F59-43C1-BECF-FFA7EF11BCD9}"
EndProject
Project("{2150E333-8FDC-42A3-9474-1A3956D46DE8}") = "Presentation", "Presentation", "{CCC43922-E0E0-4EB1-8C6C-45D66C785F7D}"
EndProject
Project("{2150E333-8FDC-42A3-9474-1A3956D46DE8}") = "Test", "Test", "{1B3F9B1F-43D4-489E-98F4-A70191ED0F48}"
EndProject
Project("{9A19103F-16F7-4668-BE54-9A1E7A4F7556}") = "Notes.Domain", "Notes.Domain\Notes.Domain.csproj", "{B2F3781D-934C-49EE-AF3B-A533EAC7E363}"
EndProject
Project("{9A19103F-16F7-4668-BE54-9A1E7A4F7556}") = "Notes.Application", "Notes.Application\Notes.Application.csproj", "{6C11998B-13E3-4106-AC27-9CFBE54CEB71}"
EndProject
Project("{9A19103F-16F7-4668-BE54-9A1E7A4F7556}") = "Notes.Persistence", "Motes.Persistence\Notes.Persistence.csproj", "{DD0776B9-7710-4842-BF91-1D18266FCCD2}"
EndProject
Project("{9A19103F-16F7-4668-BE54-9A1E7A4F7556}") = "Notes.WebApi", "Notes.WebApi\Notes.WebApi.csproj", "{B4DDF3AF-777C-4EBF-BB93-E9830F5F3D67}"
EndProject
Global
	GlobalSection(SolutionConfigurationPlatforms) = preSolution
		Debug|Any CPU = Debug|Any CPU
		Release|Any CPU = Release|Any CPU
	EndGlobalSection
	GlobalSection(ProjectConfigurationPlatforms) = postSolution
		{B2F3781D-934C-49EE-AF3B-A533EAC7E363}.Debug|Any CPU.ActiveCfg = Debug|Any CPU
		{B2F3781D-934C-49EE-AF3B-A533EAC7E363}.Debug|Any CPU.Build.0 = Debug|Any CPU
		{B2F3781D-934C-49EE-AF3B-A533EAC7E363}.Release|Any CPU.ActiveCfg = Release|Any CPU
		{B2F3781D-934C-49EE-AF3B-A533EAC7E363}.Release|Any CPU.Build.0 = Release|Any CPU
		{6C11998B-13E3-4106-AC27-9CFBE54CEB71}.Debug|Any CPU.ActiveCfg = Debug|Any CPU
		{6C11998B-13E3-4106-AC27-9CFBE54CEB71}.Debug|Any CPU.Build.0 = Debug|Any CPU
		{6C11998B-13E3-4106-AC27-9CFBE54CEB71}.Release|Any CPU.ActiveCfg = Release|Any CPU
		{6C11998B-13E3-4106-AC27-9CFBE54CEB71}.Release|Any CPU.Build.0 = Release|Any CPU
		{DD0776B9-7710-4842-BF91-1D18266FCCD2}.Debug|Any CPU.ActiveCfg = Debug|Any CPU
		{DD0776B9-7710-4842-BF91-1D18266FCCD2}.Debug|Any CPU.Build.0 = Debug|Any CPU
		{DD0776B9-7710-4842-BF91-1D18266FCCD2}.Release|Any CPU.ActiveCfg = Release|Any CPU
		{DD0776B9-7710-4842-BF91-1D18266FCCD2}.Release|Any CPU.Build.0 = Release|Any CPU
		{B4DDF3AF-777C-4EBF-BB93-E9830F5F3D67}.Debug|Any CPU.ActiveCfg = Debug|Any CPU
		{B4DDF3AF-777C-4EBF-BB93-E9830F5F3D67}.Debug|Any CPU.Build.0 = Debug|Any CPU
		{B4DDF3AF-777C-4EBF-BB93-E9830F5F3D67}.Release|Any CPU.ActiveCfg = Release|Any CPU
		{B4DDF3AF-777C-4EBF-BB93-E9830F5F3D67}.Release|Any CPU.Build.0 = Release|Any CPU
	EndGlobalSection
	GlobalSection(SolutionProperties) = preSolution
		HideSolutionNode = FALSE
	EndGlobalSection
	GlobalSection(NestedProjects) = preSolution
		{B2F3781D-934C-49EE-AF3B-A533EAC7E363} = {AB01125D-EA97-47FC-BA00-F0889C5E9071}
		{6C11998B-13E3-4106-AC27-9CFBE54CEB71} = {AB01125D-EA97-47FC-BA00-F0889C5E9071}
		{DD0776B9-7710-4842-BF91-1D18266FCCD2} = {7159D8D8-5F59-43C1-BECF-FFA7EF11BCD9}
		{B4DDF3AF-777C-4EBF-BB93-E9830F5F3D67} = {CCC43922-E0E0-4EB1-8C6C-45D66C785F7D}
	EndGlobalSection
	GlobalSection(ExtensibilityGlobals) = postSolution
		SolutionGuid = {C511D933-52B6-4903-B817-82C1E08122B4}
	EndGlobalSection
EndGlobal
